
Microsoft Visual Studio Solution File, Format Version 12.00
# Visual Studio Version 16
VisualStudioVersion = 16.0.32510.428
MinimumVisualStudioVersion = 10.0.40219.1
Project("{2150E333-8FDC-42A3-9474-1A3956D46DE8}") = "Services", "Services", "{4E18B9EB-2F68-4DAC-88BC-175FC34551A5}"
EndProject
Project("{2150E333-8FDC-42A3-9474-1A3956D46DE8}") = "Catalog", "Catalog", "{B8FF7F53-A0EF-4570-917F-533BB9143120}"
EndProject
Project("{FAE04EC0-301F-11D3-BF4B-00C04F79EFBC}") = "Catalog.API", "Services\Catalog\Catalog.API\Catalog.API.csproj", "{91397E1E-42D3-40F6-B062-B065EF4E1EBD}"
EndProject
Global
	GlobalSection(SolutionConfigurationPlatforms) = preSolution
		Debug|Any CPU = Debug|Any CPU
		Release|Any CPU = Release|Any CPU
	EndGlobalSection
	GlobalSection(ProjectConfigurationPlatforms) = postSolution
		{91397E1E-42D3-40F6-B062-B065EF4E1EBD}.Debug|Any CPU.ActiveCfg = Debug|Any CPU
		{91397E1E-42D3-40F6-B062-B065EF4E1EBD}.Debug|Any CPU.Build.0 = Debug|Any CPU
		{91397E1E-42D3-40F6-B062-B065EF4E1EBD}.Release|Any CPU.ActiveCfg = Release|Any CPU
		{91397E1E-42D3-40F6-B062-B065EF4E1EBD}.Release|Any CPU.Build.0 = Release|Any CPU
	EndGlobalSection
	GlobalSection(SolutionProperties) = preSolution
		HideSolutionNode = FALSE
	EndGlobalSection
	GlobalSection(NestedProjects) = preSolution
		{B8FF7F53-A0EF-4570-917F-533BB9143120} = {4E18B9EB-2F68-4DAC-88BC-175FC34551A5}
		{91397E1E-42D3-40F6-B062-B065EF4E1EBD} = {B8FF7F53-A0EF-4570-917F-533BB9143120}
	EndGlobalSection
	GlobalSection(ExtensibilityGlobals) = postSolution
		SolutionGuid = {BB867B3C-BC66-4CA4-974C-5E46AFCF505E}
	EndGlobalSection
EndGlobal
